
Microsoft Visual Studio Solution File, Format Version 12.00
# Visual Studio Version 16
VisualStudioVersion = 16.0.28917.181
MinimumVisualStudioVersion = 10.0.40219.1
Project("{2150E333-8FDC-42A3-9474-1A3956D46DE8}") = "0 - Domain", "0 - Domain", "{32FA1F36-789D-4FBD-AAE6-0F1F7CAC2256}"
EndProject
Project("{2150E333-8FDC-42A3-9474-1A3956D46DE8}") = "1 - Tests", "1 - Tests", "{4AC26101-250E-4E72-9FE1-10A614789868}"
EndProject
Project("{2150E333-8FDC-42A3-9474-1A3956D46DE8}") = "2 - Infra", "2 - Infra", "{7B9C1499-6B51-400D-BE99-8D6D528AA52F}"
EndProject
Project("{2150E333-8FDC-42A3-9474-1A3956D46DE8}") = "3 - Application", "3 - Application", "{E76BE808-7F65-4F51-A09C-64393B9110C3}"
EndProject
Project("{2150E333-8FDC-42A3-9474-1A3956D46DE8}") = "4 - API", "4 - API", "{F24DBD03-2373-45F1-8A0A-9286B544DDF5}"
EndProject
Project("{2150E333-8FDC-42A3-9474-1A3956D46DE8}") = "5 - Pesentation", "5 - Pesentation", "{E990A0D6-4D3D-4D5C-B3F8-812223A5AC4A}"
EndProject
Project("{FAE04EC0-301F-11D3-BF4B-00C04F79EFBC}") = "Switch.Domain", "Switch.Domain\Switch.Domain.csproj", "{F42684B0-274C-4E78-862D-D1F31DF45730}"
EndProject
Project("{FAE04EC0-301F-11D3-BF4B-00C04F79EFBC}") = "Switch.Domain.Test", "Switch.Domain.Test\Switch.Domain.Test.csproj", "{D52B333A-A3CE-48DD-81B7-38A9B97AC9E7}"
EndProject
Project("{2150E333-8FDC-42A3-9474-1A3956D46DE8}") = "2.1 CrossCutting", "2.1 CrossCutting", "{5A293899-5AFF-4680-9689-24D792FDA1E9}"
EndProject
Project("{2150E333-8FDC-42A3-9474-1A3956D46DE8}") = "2.2 Data", "2.2 Data", "{848F9E65-217C-4D2A-9999-ADBC252FBCFC}"
EndProject
Project("{FAE04EC0-301F-11D3-BF4B-00C04F79EFBC}") = "Swich.Infra.Data", "Swich.Infra.Data\Swich.Infra.Data.csproj", "{115B0CC9-86AD-4100-AD15-5275709AF87D}"
EndProject
Project("{FAE04EC0-301F-11D3-BF4B-00C04F79EFBC}") = "Switch.Application", "Switch.Application\Switch.Application.csproj", "{2C1087EF-EDA8-429F-834D-1F5CBED333F1}"
EndProject
Project("{FAE04EC0-301F-11D3-BF4B-00C04F79EFBC}") = "Switch.API", "Switch.API\Switch.API.csproj", "{7C0C1EAD-290F-4971-9700-E2AA09FD505E}"
EndProject
Global
	GlobalSection(SolutionConfigurationPlatforms) = preSolution
		Debug|Any CPU = Debug|Any CPU
		Release|Any CPU = Release|Any CPU
	EndGlobalSection
	GlobalSection(ProjectConfigurationPlatforms) = postSolution
		{F42684B0-274C-4E78-862D-D1F31DF45730}.Debug|Any CPU.ActiveCfg = Debug|Any CPU
		{F42684B0-274C-4E78-862D-D1F31DF45730}.Debug|Any CPU.Build.0 = Debug|Any CPU
		{F42684B0-274C-4E78-862D-D1F31DF45730}.Release|Any CPU.ActiveCfg = Release|Any CPU
		{F42684B0-274C-4E78-862D-D1F31DF45730}.Release|Any CPU.Build.0 = Release|Any CPU
		{D52B333A-A3CE-48DD-81B7-38A9B97AC9E7}.Debug|Any CPU.ActiveCfg = Debug|Any CPU
		{D52B333A-A3CE-48DD-81B7-38A9B97AC9E7}.Debug|Any CPU.Build.0 = Debug|Any CPU
		{D52B333A-A3CE-48DD-81B7-38A9B97AC9E7}.Release|Any CPU.ActiveCfg = Release|Any CPU
		{D52B333A-A3CE-48DD-81B7-38A9B97AC9E7}.Release|Any CPU.Build.0 = Release|Any CPU
		{115B0CC9-86AD-4100-AD15-5275709AF87D}.Debug|Any CPU.ActiveCfg = Debug|Any CPU
		{115B0CC9-86AD-4100-AD15-5275709AF87D}.Debug|Any CPU.Build.0 = Debug|Any CPU
		{115B0CC9-86AD-4100-AD15-5275709AF87D}.Release|Any CPU.ActiveCfg = Release|Any CPU
		{115B0CC9-86AD-4100-AD15-5275709AF87D}.Release|Any CPU.Build.0 = Release|Any CPU
		{2C1087EF-EDA8-429F-834D-1F5CBED333F1}.Debug|Any CPU.ActiveCfg = Debug|Any CPU
		{2C1087EF-EDA8-429F-834D-1F5CBED333F1}.Debug|Any CPU.Build.0 = Debug|Any CPU
		{2C1087EF-EDA8-429F-834D-1F5CBED333F1}.Release|Any CPU.ActiveCfg = Release|Any CPU
		{2C1087EF-EDA8-429F-834D-1F5CBED333F1}.Release|Any CPU.Build.0 = Release|Any CPU
		{7C0C1EAD-290F-4971-9700-E2AA09FD505E}.Debug|Any CPU.ActiveCfg = Debug|Any CPU
		{7C0C1EAD-290F-4971-9700-E2AA09FD505E}.Debug|Any CPU.Build.0 = Debug|Any CPU
		{7C0C1EAD-290F-4971-9700-E2AA09FD505E}.Release|Any CPU.ActiveCfg = Release|Any CPU
		{7C0C1EAD-290F-4971-9700-E2AA09FD505E}.Release|Any CPU.Build.0 = Release|Any CPU
	EndGlobalSection
	GlobalSection(SolutionProperties) = preSolution
		HideSolutionNode = FALSE
	EndGlobalSection
	GlobalSection(NestedProjects) = preSolution
		{F42684B0-274C-4E78-862D-D1F31DF45730} = {32FA1F36-789D-4FBD-AAE6-0F1F7CAC2256}
		{D52B333A-A3CE-48DD-81B7-38A9B97AC9E7} = {4AC26101-250E-4E72-9FE1-10A614789868}
		{5A293899-5AFF-4680-9689-24D792FDA1E9} = {7B9C1499-6B51-400D-BE99-8D6D528AA52F}
		{848F9E65-217C-4D2A-9999-ADBC252FBCFC} = {7B9C1499-6B51-400D-BE99-8D6D528AA52F}
		{115B0CC9-86AD-4100-AD15-5275709AF87D} = {848F9E65-217C-4D2A-9999-ADBC252FBCFC}
		{2C1087EF-EDA8-429F-834D-1F5CBED333F1} = {E76BE808-7F65-4F51-A09C-64393B9110C3}
		{7C0C1EAD-290F-4971-9700-E2AA09FD505E} = {F24DBD03-2373-45F1-8A0A-9286B544DDF5}
	EndGlobalSection
	GlobalSection(ExtensibilityGlobals) = postSolution
		SolutionGuid = {1BE12512-FF99-4A3D-9CB0-93983CBF8058}
	EndGlobalSection
EndGlobal
